{
  "name": "chia-watch-dog",
  "version": "0.0.1",
  "lockfileVersion": 2,
  "requires": true,
  "packages": {
    "": {
      "name": "chia-watch-dog",
      "version": "0.0.1",
      "license": "MIT",
      "dependencies": {
        "tail": "^2.2.4"
      }
    },
    "node_modules/tail": {
      "version": "2.2.4",
      "resolved": "https://registry.npmjs.org/tail/-/tail-2.2.4.tgz",
      "integrity": "sha512-PX8klSxW1u3SdgDrDeewh5GNE+hkJ4h02JvHfV6YrHqWOVJ88nUdSQqtsUf/gWhgZlPAws3fiZ+F1f8euspcuQ==",
      "engines": {
        "node": ">= 6.0.0"
      }
    }
  },
  "dependencies": {
    "tail": {
      "version": "2.2.4",
      "resolved": "https://registry.npmjs.org/tail/-/tail-2.2.4.tgz",
      "integrity": "sha512-PX8klSxW1u3SdgDrDeewh5GNE+hkJ4h02JvHfV6YrHqWOVJ88nUdSQqtsUf/gWhgZlPAws3fiZ+F1f8euspcuQ=="
    }
  }
}
